github.com/OneOfOne/xxhash v1.2.2 h1:KMrpdQIwFcEqXDklaen+P1axHaj9BSKzvpUUfnHldSE=
github.com/OneOfOne/xxhash v1.2.2/go.mod h1:HSdplMjZKSmBqAxg5vPj2TmRDmfkzw+cTzAElWljhcU=
github.com/beorn7/perks v0.0.0-20180321164747-3a771d992973 h1:xJ4a3vCFaGF/jqvzLMYoU8P317H5OQ+Via4RmuPwCS0=
github.com/beorn7/perks v0.0.0-20180321164747-3a771d992973/go.mod h1:Dwedo/Wpr24TaqPxmxbtue+5NUziq4I4S80YR8gNf3Q=
github.com/cespare/xxhash v1.0.0 h1:naDmySfoNg0nKS62/ujM6e71ZgM2AoVdaqGwMG0w18A=
github.com/cespare/xxhash v1.0.0/go.mod h1:fX/lfQBkSCDXZSUgv6jVIu/EVA3/JNseAX5asI4c4T4=
github.com/davecgh/go-spew v1.1.1 h1:vj9j/u1bqnvCEfJOwUhtlOARqs3+rkHYY13jYWTU97c=
github.com/davecgh/go-spew v1.1.1/go.mod h1:J7Y8YcW2NihsgmVo/mv3lAwl/skON4iLHjSsI+c5H38=
github.com/go-kit/kit v0.7.0 h1:ApufNmWF1H6/wUbAG81hZOHmqwd0zRf8mNfLjYj/064=
github.com/go-kit/kit v0.7.0/go.mod h1:xBxKIO96dXMWWy0MnWVtmwkA9/13aqxPnvrjFYMA2as=
github.com/go-logfmt/logfmt v0.3.0 h1:8HUsc87TaSWLKwrnumgC8/YconD2fJQsRJAsWaPg2ic=
github.com/go-logfmt/logfmt v0.3.0/go.mod h1:Qt1PoO58o5twSAckw1HlFXLmHsOX5/0LbT9GBnD5lWE=
github.com/go-stack/stack v1.7.0 h1:S04+lLfST9FvL8dl4R31wVUC/paZp/WQZbLmUgWboGw=
github.com/go-stack/stack v1.7.0/go.mod h1:v0f6uXyyMGvRgIKkXu+yp6POWl0qKG85gN/melR3HDY=
github.com/gogo/protobuf v1.1.1 h1:72R+M5VuhED/KujmZVcIquuo8mBgX4oVda//DQb3PXo=
github.com/gogo/protobuf v1.1.1/go.mod h1:r8qH/GZQm5c6nD/R0oafs1akxWv10x8SbQlK7atdtwQ=
github.com/golang/protobuf v1.2.0 h1:P3YflyNX/ehuJFLhxviNdFxQPkGK5cDcApsge1SqnvM=
github.com/golang/protobuf v1.2.0/go.mod h1:6lQm79b+lXiMfvg/cZm0SGofjICqVBUtrP5yJMmIC1U=
github.com/kr/logfmt v0.0.0-20140226030751-b84e30acd515 h1:T+h1c/A9Gawja4Y9mFVWj2vyii2bbUNDw3kt9VxK2EY=
github.com/kr/logfmt v0.0.0-20140226030751-b84e30acd515/go.mod h1:+0opPa2QZZtGFBFZlji/RkVcI2GknAs/DXo4wKdlNEc=
github.com/matttproud/golang_protobuf_extensions v1.0.1 h1:4hp9jkHxhMHkqkrB3Ix0jegS5sx/RkqARlsWZ6pIwiU=
github.com/matttproud/golang_protobuf_extensions v1.0.1/go.mod h1:D8He9yQNgCq6Z5Ld7szi9bcBfOoFv/3dc6xSMkL2PC0=
github.com/nightlyone/lockfile v0.0.0-20170804114028-6a197d5ea611 h1:dJA8OtA0V3XJ3MvZKU8tOlrXenaGOypfPHSi2JWgBto=
github.com/nightlyone/lockfile v0.0.0-20170804114028-6a197d5ea611/go.mod h1:JbxfV1Iifij2yhRjXai0oFrbpxszXHRx1E5RuM26o4Y=
github.com/oklog/ulid v0.3.0 h1:yEMMWFnYiPX/ytx1StIE0E1a35sm8MmWD/uSL9ZtKhg=
github.com/oklog/ulid v0.3.0/go.mod h1:CirwcVhetQ6Lv90oh/F+FBtV6XMibvdAFo93nm5qn4U=
github.com/opentracing/opentracing-go v1.0.2 h1:3jA2P6O1F9UOrWVpwrIo17pu01KWvNWg4X946/Y5Zwg=
github.com/opentracing/opentracing-go v1.0.2/go.mod h1:UkNAQd3GIcIGf0SeVgPpRdFStlNbqXla1AfSYxPUl2o=
github.com/pkg/errors v0.8.0 h1:WdK/asTD0HN+q6hsWO3/vpuAkAr+tw6aNJNDFFf0+qw=
github.com/pkg/errors v0.8.0/go.mod h1:bwawxfHBFNV+L2hUp1rHADufV3IMtnDRdf1r5NINEl0=
github.com/pmezard/go-difflib v1.0.0 h1:4DBwDE0NGyQoBHbLQYPwSUPoCMWR5BEzIk/f1lZbAQM=
github.com/pmezard/go-difflib v1.0.0/go.mod h1:iKH77koFhYxTK1pcRnkKkqfTogsbg7gZNVY4sRDYZ/4=
github.com/prometheus/client_golang v0.9.1 h1:K47Rk0v/fkEfwfQet2KWhscE0cJzjgCCDBG2KHZoVno=
github.com/prometheus/client_golang v0.9.1/go.mod h1:7SWBe2y4D6OKWSNQJUaRYU/AaXPKyh/dDVn+NZz0KFw=
github.com/prometheus/client_model v0.0.0-20180712105110-5c3871d89910 h1:idejC8f05m9MGOsuEi1ATq9shN03HrxNkD/luQvxCv8=
github.com/prometheus/client_model v0.0.0-20180712105110-5c3871d89910/go.mod h1:MbSGuTsp3dbXC40dX6PRTWyKYBIrTGTE9sqQNg2J8bo=
github.com/prometheus/common v0.0.0-20180801064454-c7de2306084e h1:n/3MEhJQjQxrOUCzh1Y3Re6aJUUWRp2M9+Oc3eVn/54=
github.com/prometheus/common v0.0.0-20180801064454-c7de2306084e/go.mod h1:daVV7qP5qjZbuso7PdcryaAu0sAZbrN9i7WWcTMWvro=
github.com/prometheus/procfs v0.0.0-20180725123919-05ee40e3a273 h1:agujYaXJSxSo18YNX3jzl+4G6Bstwt+kqv47GS12uL0=
github.com/prometheus/procfs v0.0.0-20180725123919-05ee40e3a273/go.mod h1:c3At6R/oaqEKCNdg8wHV1ftS6bRYblBhIjjI8uT2IGk=
github.com/prometheus/prometheus v2.5.0+incompatible h1:7QPitgO2kOFG8ecuRn9O/4L9+10He72rVRJvMXrE9Hg=
github.com/prometheus/prometheus v2.5.0+incompatible/go.mod h1:oAIUtOny2rjMX0OWN5vPR5/q/twIROJvdqnQKDdil/s=
github.com/prometheus/tsdb v0.0.0-20180413155015-def6e5a57439 h1:Ay6yQgR9tq2sHpvB1M4jC9d2Q18ybcQ3Pfzqos/mf18=
github.com/prometheus/tsdb v0.0.0-20180413155015-def6e5a57439/go.mod h1:lFf/o1J2a31WmWQbxYXfY1azJK5Xp5D8hwKMnVMBTGU=
github.com/spaolacci/murmur3 v0.0.0-20180118202830-f09979ecbc72 h1:qLC7fQah7D6K1B0ujays3HV9gkFtllcxhzImRR7ArPQ=
github.com/spaolacci/murmur3 v0.0.0-20180118202830-f09979ecbc72/go.mod h1:JwIasOWyU6f++ZhiEuf87xNszmSA2myDM2Kzu9HwQUA=
github.com/stretchr/testify v1.2.2 h1:bSDNvY7ZPG5RlJ8otE/7V6gMiyenm9RtJ7IUVIAoJ1w=
github.com/stretchr/testify v1.2.2/go.mod h1:a8OnRcib4nhh0OaRAV+Yts87kKdq0PP7pXfy6kDkUVs=
golang.org/x/net v0.0.0-20181106065722-10aee1819953 h1:LuZIitY8waaxUfNIdtajyE/YzA/zyf0YxXG27VpLrkg=
golang.org/x/net v0.0.0-20181106065722-10aee1819953/go.mod h1:mL1N/T3taQHkDXs73rZJwtUhF3w3ftmwwsq0BUmARs4=
golang.org/x/sync v0.0.0-20180314180146-1d60e4601c6f h1:wMNYb4v58l5UBM7MYRLPG6ZhfOqbKu7X5eyFl8ZhKvA=
golang.org/x/sync v0.0.0-20180314180146-1d60e4601c6f/go.mod h1:RxMgew5VJxzue5/jJTE5uejpjVlOe/izrB70Jof72aM=
golang.org/x/sys v0.0.0-20180909124046-d0be0721c37e h1:o3PsSEY8E4eXWkXrIP9YJALUkVZqzHJT5DOasTyn8Vs=
golang.org/x/sys v0.0.0-20180909124046-d0be0721c37e/go.mod h1:STP8DvDyc/dI5b8T5hshtkjS+E42TnysNCUPdjciGhY=
gopkg.in/check.v1 v0.0.0-20161208181325-20d25e280405 h1:yhCVgyC4o1eVCa2tZl7eS0r+SDo693bJlVdllGtEeKM=
gopkg.in/check.v1 v0.0.0-20161208181325-20d25e280405/go.mod h1:Co6ibVJAznAaIkqp8huTwlJQCZ016jof/cbN4VW5Yz0=
gopkg.in/yaml.v2 v2.2.1 h1:mUhvW9EsL+naU5Q3cakzfE91YhliOondGd6ZrsDBHQE=
gopkg.in/yaml.v2 v2.2.1/go.mod h1:hI93XBmqTisBFMUTm0b8Fm+jr3Dg1NNxqwp+5A1VGuI=
